// !$*UTF8*$!
{
	archiveVersion = 1;
	classes = {
	};
	objectVersion = 50;
	objects = {

/* Begin PBXBuildFile section */
		83869A5525C671B4006CAFF1 /* GLTFKit2.framework in Frameworks */ = {isa = PBXBuildFile; fileRef = 83869A5425C671B4006CAFF1 /* GLTFKit2.framework */; };
		83869A5625C671B4006CAFF1 /* GLTFKit2.framework in Embed Frameworks */ = {isa = PBXBuildFile; fileRef = 83869A5425C671B4006CAFF1 /* GLTFKit2.framework */; settings = {ATTRIBUTES = (CodeSignOnCopy, RemoveHeadersOnCopy, ); }; };
		83D9950525C6573C00B5B234 /* AppDelegate.swift in Sources */ = {isa = PBXBuildFile; fileRef = 83D9950425C6573C00B5B234 /* AppDelegate.swift */; };
		83D9950725C6573C00B5B234 /* ViewController.swift in Sources */ = {isa = PBXBuildFile; fileRef = 83D9950625C6573C00B5B234 /* ViewController.swift */; };
		83D9950925C6573C00B5B234 /* GLTFDocument.swift in Sources */ = {isa = PBXBuildFile; fileRef = 83D9950825C6573C00B5B234 /* GLTFDocument.swift */; };
		83D9950B25C6573E00B5B234 /* Assets.xcassets in Resources */ = {isa = PBXBuildFile; fileRef = 83D9950A25C6573E00B5B234 /* Assets.xcassets */; };
		83D9950E25C6573E00B5B234 /* Main.storyboard in Resources */ = {isa = PBXBuildFile; fileRef = 83D9950C25C6573E00B5B234 /* Main.storyboard */; };
/* End PBXBuildFile section */

/* Begin PBXCopyFilesBuildPhase section */
		83869A5725C671B4006CAFF1 /* Embed Frameworks */ = {
			isa = PBXCopyFilesBuildPhase;
			buildActionMask = 2147483647;
			dstPath = "";
			dstSubfolderSpec = 10;
			files = (
				83869A5625C671B4006CAFF1 /* GLTFKit2.framework in Embed Frameworks */,
			);
			name = "Embed Frameworks";
			runOnlyForDeploymentPostprocessing = 0;
		};
/* End PBXCopyFilesBuildPhase section */

/* Begin PBXFileReference section */
		83869A5425C671B4006CAFF1 /* GLTFKit2.framework */ = {isa = PBXFileReference; explicitFileType = wrapper.framework; path = GLTFKit2.framework; sourceTree = BUILT_PRODUCTS_DIR; };
		83D9950125C6573C00B5B234 /* GLTFViewer.app */ = {isa = PBXFileReference; explicitFileType = wrapper.application; includeInIndex = 0; path = GLTFViewer.app; sourceTree = BUILT_PRODUCTS_DIR; };
		83D9950425C6573C00B5B234 /* AppDelegate.swift */ = {isa = PBXFileReference; lastKnownFileType = sourcecode.swift; path = AppDelegate.swift; sourceTree = "<group>"; };
		83D9950625C6573C00B5B234 /* ViewController.swift */ = {isa = PBXFileReference; lastKnownFileType = sourcecode.swift; path = ViewController.swift; sourceTree = "<group>"; };
		83D9950825C6573C00B5B234 /* GLTFDocument.swift */ = {isa = PBXFileReference; lastKnownFileType = sourcecode.swift; path = GLTFDocument.swift; sourceTree = "<group>"; };
		83D9950A25C6573E00B5B234 /* Assets.xcassets */ = {isa = PBXFileReference; lastKnownFileType = folder.assetcatalog; path = Assets.xcassets; sourceTree = "<group>"; };
		83D9950D25C6573E00B5B234 /* Base */ = {isa = PBXFileReference; lastKnownFileType = file.storyboard; name = Base; path = Base.lproj/Main.storyboard; sourceTree = "<group>"; };
		83D9950F25C6573E00B5B234 /* Info.plist */ = {isa = PBXFileReference; lastKnownFileType = text.plist.xml; path = Info.plist; sourceTree = "<group>"; };
		83D9951025C6573E00B5B234 /* GLTFViewer.entitlements */ = {isa = PBXFileReference; lastKnownFileType = text.plist.entitlements; path = GLTFViewer.entitlements; sourceTree = "<group>"; };
/* End PBXFileReference section */

/* Begin PBXFrameworksBuildPhase section */
		83D994FE25C6573C00B5B234 /* Frameworks */ = {
			isa = PBXFrameworksBuildPhase;
			buildActionMask = 2147483647;
			files = (
				83869A5525C671B4006CAFF1 /* GLTFKit2.framework in Frameworks */,
			);
			runOnlyForDeploymentPostprocessing = 0;
		};
/* End PBXFrameworksBuildPhase section */

/* Begin PBXGroup section */
		83869A5325C671B4006CAFF1 /* Frameworks */ = {
			isa = PBXGroup;
			children = (
				83869A5425C671B4006CAFF1 /* GLTFKit2.framework */,
			);
			name = Frameworks;
			sourceTree = "<group>";
		};
		83D994F825C6573C00B5B234 = {
			isa = PBXGroup;
			children = (
				83D9950325C6573C00B5B234 /* GLTFViewer */,
				83D9950225C6573C00B5B234 /* Products */,
				83869A5325C671B4006CAFF1 /* Frameworks */,
			);
			sourceTree = "<group>";
		};
		83D9950225C6573C00B5B234 /* Products */ = {
			isa = PBXGroup;
			children = (
				83D9950125C6573C00B5B234 /* GLTFViewer.app */,
			);
			name = Products;
			sourceTree = "<group>";
		};
		83D9950325C6573C00B5B234 /* GLTFViewer */ = {
			isa = PBXGroup;
			children = (
				83D9950425C6573C00B5B234 /* AppDelegate.swift */,
				83D9950625C6573C00B5B234 /* ViewController.swift */,
				83D9950825C6573C00B5B234 /* GLTFDocument.swift */,
				83D9950A25C6573E00B5B234 /* Assets.xcassets */,
				83D9950C25C6573E00B5B234 /* Main.storyboard */,
				83D9950F25C6573E00B5B234 /* Info.plist */,
				83D9951025C6573E00B5B234 /* GLTFViewer.entitlements */,
			);
			path = GLTFViewer;
			sourceTree = "<group>";
		};
/* End PBXGroup section */

/* Begin PBXNativeTarget section */
		83D9950025C6573C00B5B234 /* GLTFViewer */ = {
			isa = PBXNativeTarget;
			buildConfigurationList = 83D9951325C6573E00B5B234 /* Build configuration list for PBXNativeTarget "GLTFViewer" */;
			buildPhases = (
				83D994FD25C6573C00B5B234 /* Sources */,
				83D994FE25C6573C00B5B234 /* Frameworks */,
				83D994FF25C6573C00B5B234 /* Resources */,
				83869A5725C671B4006CAFF1 /* Embed Frameworks */,
			);
			buildRules = (
			);
			dependencies = (
			);
			name = GLTFViewer;
			productName = GLTFViewer;
			productReference = 83D9950125C6573C00B5B234 /* GLTFViewer.app */;
			productType = "com.apple.product-type.application";
		};
/* End PBXNativeTarget section */

/* Begin PBXProject section */
		83D994F925C6573C00B5B234 /* Project object */ = {
			isa = PBXProject;
			attributes = {
				LastSwiftUpdateCheck = 1240;
				LastUpgradeCheck = 1250;
				TargetAttributes = {
					83D9950025C6573C00B5B234 = {
						CreatedOnToolsVersion = 12.4;
					};
				};
			};
			buildConfigurationList = 83D994FC25C6573C00B5B234 /* Build configuration list for PBXProject "GLTFViewer" */;
			compatibilityVersion = "Xcode 9.3";
			developmentRegion = en;
			hasScannedForEncodings = 0;
			knownRegions = (
				en,
				Base,
			);
			mainGroup = 83D994F825C6573C00B5B234;
			productRefGroup = 83D9950225C6573C00B5B234 /* Products */;
			projectDirPath = "";
			projectRoot = "";
			targets = (
				83D9950025C6573C00B5B234 /* GLTFViewer */,
			);
		};
/* End PBXProject section */

/* Begin PBXResourcesBuildPhase section */
		83D994FF25C6573C00B5B234 /* Resources */ = {
			isa = PBXResourcesBuildPhase;
			buildActionMask = 2147483647;
			files = (
				83D9950B25C6573E00B5B234 /* Assets.xcassets in Resources */,
				83D9950E25C6573E00B5B234 /* Main.storyboard in Resources */,
			);
			runOnlyForDeploymentPostprocessing = 0;
		};
/* End PBXResourcesBuildPhase section */

/* Begin PBXSourcesBuildPhase section */
		83D994FD25C6573C00B5B234 /* Sources */ = {
			isa = PBXSourcesBuildPhase;
			buildActionMask = 2147483647;
			files = (
				83D9950725C6573C00B5B234 /* ViewController.swift in Sources */,
				83D9950525C6573C00B5B234 /* AppDelegate.swift in Sources */,
				83D9950925C6573C00B5B234 /* GLTFDocument.swift in Sources */,
			);
			runOnlyForDeploymentPostprocessing = 0;
		};
/* End PBXSourcesBuildPhase section */

/* Begin PBXVariantGroup section */
		83D9950C25C6573E00B5B234 /* Main.storyboard */ = {
			isa = PBXVariantGroup;
			children = (
				83D9950D25C6573E00B5B234 /* Base */,
			);
			name = Main.storyboard;
			sourceTree = "<group>";
		};
/* End PBXVariantGroup section */

/* Begin XCBuildConfiguration section */
		83D9951125C6573E00B5B234 /* Debug */ = {
			isa = XCBuildConfiguration;
			buildSettings = {
				ALWAYS_SEARCH_USER_PATHS = NO;
				CLANG_ANALYZER_NONNULL = YES;
				CLANG_ANALYZER_NUMBER_OBJECT_CONVERSION = YES_AGGRESSIVE;
				CLANG_CXX_LANGUAGE_STANDARD = "gnu++14";
				CLANG_CXX_LIBRARY = "libc++";
				CLANG_ENABLE_MODULES = YES;
				CLANG_ENABLE_OBJC_ARC = YES;
				CLANG_ENABLE_OBJC_WEAK = YES;
				CLANG_WARN_BLOCK_CAPTURE_AUTORELEASING = YES;
				CLANG_WARN_BOOL_CONVERSION = YES;
				CLANG_WARN_COMMA = YES;
				CLANG_WARN_CONSTANT_CONVERSION = YES;
				CLANG_WARN_DEPRECATED_OBJC_IMPLEMENTATIONS = YES;
				CLANG_WARN_DIRECT_OBJC_ISA_USAGE = YES_ERROR;
				CLANG_WARN_DOCUMENTATION_COMMENTS = YES;
				CLANG_WARN_EMPTY_BODY = YES;
				CLANG_WARN_ENUM_CONVERSION = YES;
				CLANG_WARN_INFINITE_RECURSION = YES;
				CLANG_WARN_INT_CONVERSION = YES;
				CLANG_WARN_NON_LITERAL_NULL_CONVERSION = YES;
				CLANG_WARN_OBJC_IMPLICIT_RETAIN_SELF = YES;
				CLANG_WARN_OBJC_LITERAL_CONVERSION = YES;
				CLANG_WARN_OBJC_ROOT_CLASS = YES_ERROR;
				CLANG_WARN_QUOTED_INCLUDE_IN_FRAMEWORK_HEADER = YES;
				CLANG_WARN_RANGE_LOOP_ANALYSIS = YES;
				CLANG_WARN_STRICT_PROTOTYPES = YES;
				CLANG_WARN_SUSPICIOUS_MOVE = YES;
				CLANG_WARN_UNGUARDED_AVAILABILITY = YES_AGGRESSIVE;
				CLANG_WARN_UNREACHABLE_CODE = YES;
				CLANG_WARN__DUPLICATE_METHOD_MATCH = YES;
				COPY_PHASE_STRIP = NO;
				DEBUG_INFORMATION_FORMAT = dwarf;
				ENABLE_STRICT_OBJC_MSGSEND = YES;
				ENABLE_TESTABILITY = YES;
				GCC_C_LANGUAGE_STANDARD = gnu11;
				GCC_DYNAMIC_NO_PIC = NO;
				GCC_NO_COMMON_BLOCKS = YES;
				GCC_OPTIMIZATION_LEVEL = 0;
				GCC_PREPROCESSOR_DEFINITIONS = (
					"DEBUG=1",
					"$(inherited)",
				);
				GCC_WARN_64_TO_32_BIT_CONVERSION = YES;
				GCC_WARN_ABOUT_RETURN_TYPE = YES_ERROR;
				GCC_WARN_UNDECLARED_SELECTOR = YES;
				GCC_WARN_UNINITIALIZED_AUTOS = YES_AGGRESSIVE;
				GCC_WARN_UNUSED_FUNCTION = YES;
				GCC_WARN_UNUSED_VARIABLE = YES;
				MACOSX_DEPLOYMENT_TARGET = 10.13;
				MTL_ENABLE_DEBUG_INFO = INCLUDE_SOURCE;
				MTL_FAST_MATH = YES;
				ONLY_ACTIVE_ARCH = YES;
				SDKROOT = macosx;
				SWIFT_ACTIVE_COMPILATION_CONDITIONS = DEBUG;
				SWIFT_OPTIMIZATION_LEVEL = "-Onone";
			};
			name = Debug;
		};
		83D9951225C6573E00B5B234 /* Release */ = {
			isa = XCBuildConfiguration;
			buildSettings = {
				ALWAYS_SEARCH_USER_PATHS = NO;
				CLANG_ANALYZER_NONNULL = YES;
				CLANG_ANALYZER_NUMBER_OBJECT_CONVERSION = YES_AGGRESSIVE;
				CLANG_CXX_LANGUAGE_STANDARD = "gnu++14";
				CLANG_CXX_LIBRARY = "libc++";
				CLANG_ENABLE_MODULES = YES;
				CLANG_ENABLE_OBJC_ARC = YES;
				CLANG_ENABLE_OBJC_WEAK = YES;
				CLANG_WARN_BLOCK_CAPTURE_AUTORELEASING = YES;
				CLANG_WARN_BOOL_CONVERSION = YES;
				CLANG_WARN_COMMA = YES;
				CLANG_WARN_CONSTANT_CONVERSION = YES;
				CLANG_WARN_DEPRECATED_OBJC_IMPLEMENTATIONS = YES;
				CLANG_WARN_DIRECT_OBJC_ISA_USAGE = YES_ERROR;
				CLANG_WARN_DOCUMENTATION_COMMENTS = YES;
				CLANG_WARN_EMPTY_BODY = YES;
				CLANG_WARN_ENUM_CONVERSION = YES;
				CLANG_WARN_INFINITE_RECURSION = YES;
				CLANG_WARN_INT_CONVERSION = YES;
				CLANG_WARN_NON_LITERAL_NULL_CONVERSION = YES;
				CLANG_WARN_OBJC_IMPLICIT_RETAIN_SELF = YES;
				CLANG_WARN_OBJC_LITERAL_CONVERSION = YES;
				CLANG_WARN_OBJC_ROOT_CLASS = YES_ERROR;
				CLANG_WARN_QUOTED_INCLUDE_IN_FRAMEWORK_HEADER = YES;
				CLANG_WARN_RANGE_LOOP_ANALYSIS = YES;
				CLANG_WARN_STRICT_PROTOTYPES = YES;
				CLANG_WARN_SUSPICIOUS_MOVE = YES;
				CLANG_WARN_UNGUARDED_AVAILABILITY = YES_AGGRESSIVE;
				CLANG_WARN_UNREACHABLE_CODE = YES;
				CLANG_WARN__DUPLICATE_METHOD_MATCH = YES;
				COPY_PHASE_STRIP = NO;
				DEBUG_INFORMATION_FORMAT = "dwarf-with-dsym";
				ENABLE_NS_ASSERTIONS = NO;
				ENABLE_STRICT_OBJC_MSGSEND = YES;
				GCC_C_LANGUAGE_STANDARD = gnu11;
				GCC_NO_COMMON_BLOCKS = YES;
				GCC_WARN_64_TO_32_BIT_CONVERSION = YES;
				GCC_WARN_ABOUT_RETURN_TYPE = YES_ERROR;
				GCC_WARN_UNDECLARED_SELECTOR = YES;
				GCC_WARN_UNINITIALIZED_AUTOS = YES_AGGRESSIVE;
				GCC_WARN_UNUSED_FUNCTION = YES;
				GCC_WARN_UNUSED_VARIABLE = YES;
				MACOSX_DEPLOYMENT_TARGET = 10.13;
				MTL_ENABLE_DEBUG_INFO = NO;
				MTL_FAST_MATH = YES;
				SDKROOT = macosx;
				SWIFT_COMPILATION_MODE = wholemodule;
				SWIFT_OPTIMIZATION_LEVEL = "-O";
			};
			name = Release;
		};
		83D9951425C6573E00B5B234 /* Debug */ = {
			isa = XCBuildConfiguration;
			buildSettings = {
				ASSETCATALOG_COMPILER_APPICON_NAME = AppIcon;
				ASSETCATALOG_COMPILER_GLOBAL_ACCENT_COLOR_NAME = AccentColor;
				CODE_SIGN_ENTITLEMENTS = GLTFViewer/GLTFViewer.entitlements;
				CODE_SIGN_IDENTITY = "-";
				CODE_SIGN_STYLE = Automatic;
				COMBINE_HIDPI_IMAGES = YES;
				DEVELOPMENT_TEAM = RHRJ88BAB5;
				ENABLE_HARDENED_RUNTIME = YES;
				INFOPLIST_FILE = GLTFViewer/Info.plist;
				LD_RUNPATH_SEARCH_PATHS = (
					"$(inherited)",
					"@executable_path/../Frameworks",
				);
				PRODUCT_BUNDLE_IDENTIFIER = com.metalbyexample.gltfkit2.GLTFViewer;
				PRODUCT_NAME = "$(TARGET_NAME)";
				SWIFT_VERSION = 5.0;
			};
			name = Debug;
		};
		83D9951525C6573E00B5B234 /* Release */ = {
			isa = XCBuildConfiguration;
			buildSettings = {
				ASSETCATALOG_COMPILER_APPICON_NAME = AppIcon;
				ASSETCATALOG_COMPILER_GLOBAL_ACCENT_COLOR_NAME = AccentColor;
				CODE_SIGN_ENTITLEMENTS = GLTFViewer/GLTFViewer.entitlements;
				CODE_SIGN_IDENTITY = "-";
				CODE_SIGN_STYLE = Automatic;
				COMBINE_HIDPI_IMAGES = YES;
				DEVELOPMENT_TEAM = RHRJ88BAB5;
				ENABLE_HARDENED_RUNTIME = YES;
				INFOPLIST_FILE = GLTFViewer/Info.plist;
				LD_RUNPATH_SEARCH_PATHS = (
					"$(inherited)",
					"@executable_path/../Frameworks",
				);
				PRODUCT_BUNDLE_IDENTIFIER = com.metalbyexample.gltfkit2.GLTFViewer;
				PRODUCT_NAME = "$(TARGET_NAME)";
				SWIFT_VERSION = 5.0;
			};
			name = Release;
		};
/* End XCBuildConfiguration section */

/* Begin XCConfigurationList section */
		83D994FC25C6573C00B5B234 /* Build configuration list for PBXProject "GLTFViewer" */ = {
			isa = XCConfigurationList;
			buildConfigurations = (
				83D9951125C6573E00B5B234 /* Debug */,
				83D9951225C6573E00B5B234 /* Release */,
			);
			defaultConfigurationIsVisible = 0;
			defaultConfigurationName = Release;
		};
		83D9951325C6573E00B5B234 /* Build configuration list for PBXNativeTarget "GLTFViewer" */ = {
			isa = XCConfigurationList;
			buildConfigurations = (
				83D9951425C6573E00B5B234 /* Debug */,
				83D9951525C6573E00B5B234 /* Release */,
			);
			defaultConfigurationIsVisible = 0;
			defaultConfigurationName = Release;
		};
/* End XCConfigurationList section */
	};
	rootObject = 83D994F925C6573C00B5B234 /* Project object */;
}
